PODS:
  - MCBetterList (0.1.1):
    - MCBetterList/CollectionView (= 0.1.1)
    - MCBetterList/ListPlaceholder (= 0.1.1)
    - MCBetterList/Namespace (= 0.1.1)
    - MCBetterList/TableView (= 0.1.1)
  - MCBetterList/CollectionView (0.1.1):
    - MCBetterList/Namespace
  - MCBetterList/ListPlaceholder (0.1.1)
  - MCBetterList/Namespace (0.1.1)
  - MCBetterList/TableView (0.1.1):
    - MCBetterList/Namespace

DEPENDENCIES:
  - MCBetterList (from `../`)

EXTERNAL SOURCES:
  MCBetterList:
    :path: "../"

SPEC CHECKSUMS:
  MCBetterList: 0b1600023250b361914b8fd54cd82222a1e76735

PODFILE CHECKSUM: ad6f057264c7097dbecee5cf0be6e03c1c56e33f

COCOAPODS: 1.16.2
